
Microsoft Visual Studio Solution File, Format Version 12.00
# Visual Studio Version 17
VisualStudioVersion = 17.7.34031.279
MinimumVisualStudioVersion = 10.0.40219.1
Project("{FAE04EC0-301F-11D3-BF4B-00C04F79EFBC}") = "johaneshop", "johaneshop.csproj", "{4644A21C-099B-4EDE-8057-06A9C5978F4B}"
EndProject
Global
	GlobalSection(SolutionConfigurationPlatforms) = preSolution
		Debug|Any CPU = Debug|Any CPU
		Release|Any CPU = Release|Any CPU
	EndGlobalSection
	GlobalSection(ProjectConfigurationPlatforms) = postSolution
		{4644A21C-099B-4EDE-8057-06A9C5978F4B}.Debug|Any CPU.ActiveCfg = Debug|Any CPU
		{4644A21C-099B-4EDE-8057-06A9C5978F4B}.Debug|Any CPU.Build.0 = Debug|Any CPU
		{4644A21C-099B-4EDE-8057-06A9C5978F4B}.Release|Any CPU.ActiveCfg = Release|Any CPU
		{4644A21C-099B-4EDE-8057-06A9C5978F4B}.Release|Any CPU.Build.0 = Release|Any CPU
	EndGlobalSection
	GlobalSection(SolutionProperties) = preSolution
		HideSolutionNode = FALSE
	EndGlobalSection
	GlobalSection(ExtensibilityGlobals) = postSolution
		SolutionGuid = {5756B524-2F06-4071-BFF3-F3E6DDBA9F54}
	EndGlobalSection
EndGlobal
